
Microsoft Visual Studio Solution File, Format Version 12.00
# Visual Studio Version 17
VisualStudioVersion = 17.10.35122.118
MinimumVisualStudioVersion = 10.0.40219.1
Project("{FAE04EC0-301F-11D3-BF4B-00C04F79EFBC}") = "ProjectPizza", "ProjectPizza.csproj", "{9294836C-F837-4332-BA30-BF7A10983034}"
EndProject
Global
	GlobalSection(SolutionConfigurationPlatforms) = preSolution
		Debug|Any CPU = Debug|Any CPU
		Release|Any CPU = Release|Any CPU
	EndGlobalSection
	GlobalSection(ProjectConfigurationPlatforms) = postSolution
		{9294836C-F837-4332-BA30-BF7A10983034}.Debug|Any CPU.ActiveCfg = Debug|Any CPU
		{9294836C-F837-4332-BA30-BF7A10983034}.Debug|Any CPU.Build.0 = Debug|Any CPU
		{9294836C-F837-4332-BA30-BF7A10983034}.Release|Any CPU.ActiveCfg = Release|Any CPU
		{9294836C-F837-4332-BA30-BF7A10983034}.Release|Any CPU.Build.0 = Release|Any CPU
	EndGlobalSection
	GlobalSection(SolutionProperties) = preSolution
		HideSolutionNode = FALSE
	EndGlobalSection
	GlobalSection(ExtensibilityGlobals) = postSolution
		SolutionGuid = {CB45BA33-472F-4B33-85A0-6C0D73DED65A}
	EndGlobalSection
EndGlobal
